
Microsoft Visual Studio Solution File, Format Version 12.00
Project("{FAE04EC0-301F-11D3-BF4B-00C04F79EFBC}") = "Aoc2024", "Aoc2024\Aoc2024.csproj", "{38310443-232C-463E-B5FE-14DB847E8D8C}"
EndProject
Global
	GlobalSection(SolutionConfigurationPlatforms) = preSolution
		Debug|Any CPU = Debug|Any CPU
		Release|Any CPU = Release|Any CPU
	EndGlobalSection
	GlobalSection(ProjectConfigurationPlatforms) = postSolution
		{38310443-232C-463E-B5FE-14DB847E8D8C}.Debug|Any CPU.ActiveCfg = Debug|Any CPU
		{38310443-232C-463E-B5FE-14DB847E8D8C}.Debug|Any CPU.Build.0 = Debug|Any CPU
		{38310443-232C-463E-B5FE-14DB847E8D8C}.Release|Any CPU.ActiveCfg = Release|Any CPU
		{38310443-232C-463E-B5FE-14DB847E8D8C}.Release|Any CPU.Build.0 = Release|Any CPU
	EndGlobalSection
EndGlobal
